# @generated by Move, please check-in and do not edit manually.

[move]
version = 2
manifest_digest = "C4FD30568879CB08149BEAC4D86292F1A80ECC306BA9391FB77262B41F6596EE"
deps_digest = "F8BBB0CCB2491CA29A3DF03D6F92277A4F3574266507ACD77214D37ECA3F3082"
dependencies = [
  { name = "Iota" },
]

[[move.package]]
name = "Iota"
source = { git = "https://github.com/iotaledger/iota.git", rev = "testnet", subdir = "crates/iota-framework/packages/iota-framework" }

dependencies = [
  { name = "MoveStdlib" },
]

[[move.package]]
name = "MoveStdlib"
source = { git = "https://github.com/iotaledger/iota.git", rev = "testnet", subdir = "crates/iota-framework/packages/move-stdlib" }

[move.toolchain-version]
compiler-version = "0.7.1-rc"
edition = "2024.beta"
flavor = "iota"

[env]

[env.testnet]
chain-id = "2304aa97"
original-published-id = "0x634b32738b06f52131d4e01429a0d27e78817b8e2f13fbb375b9cab7cb0fbbc4"
latest-published-id = "0x634b32738b06f52131d4e01429a0d27e78817b8e2f13fbb375b9cab7cb0fbbc4"
published-version = "1"
